PODS:
  - Capacitor (6.1.2):
    - CapacitorCordova
  - CapacitorCamera (6.0.2):
    - Capacitor
  - CapacitorCordova (6.1.2)
  - CapacitorNativeCompass (0.0.3):
    - Capacitor
  - CapacitorPluginIosWebviewConfigurator (0.0.1):
    - Capacitor

DEPENDENCIES:
  - "Capacitor (from `../../node_modules/@capacitor/ios`)"
  - "CapacitorCamera (from `../../node_modules/@capacitor/camera`)"
  - "CapacitorCordova (from `../../node_modules/@capacitor/ios`)"
  - CapacitorNativeCompass (from `../../node_modules/capacitor-native-compass`)
  - CapacitorPluginIosWebviewConfigurator (from `../../node_modules/capacitor-plugin-ios-webview-configurator`)

EXTERNAL SOURCES:
  Capacitor:
    :path: "../../node_modules/@capacitor/ios"
  CapacitorCamera:
    :path: "../../node_modules/@capacitor/camera"
  CapacitorCordova:
    :path: "../../node_modules/@capacitor/ios"
  CapacitorNativeCompass:
    :path: "../../node_modules/capacitor-native-compass"
  CapacitorPluginIosWebviewConfigurator:
    :path: "../../node_modules/capacitor-plugin-ios-webview-configurator"

SPEC CHECKSUMS:
  Capacitor: 679f9673fdf30597493a6362a5d5bf233d46abc2
  CapacitorCamera: ed022171dbf3853e68eec877b4d78995378af6b7
  CapacitorCordova: f48c89f96c319101cd2f0ce8a2b7449b5fb8b3dd
  CapacitorNativeCompass: 8cc6bed47ec38eaf85ac69452a57c5f7bd28544f
  CapacitorPluginIosWebviewConfigurator: 4090b21ed635a5676718436bbbf386191d077271

PODFILE CHECKSUM: e104a9d2eb68a16bb2b4df60e08a4eadffad38ce

COCOAPODS: 1.15.2
